// !$*UTF8*$!
{
	archiveVersion = 1;
	classes = {
	};
	objectVersion = 77;
	objects = {

/* Begin PBXBuildFile section */
		015FE26B2DA3C35F00E86824 /* BezelKit in Frameworks */ = {isa = PBXBuildFile; productRef = 015FE26A2DA3C35F00E86824 /* BezelKit */; };
		019E08892D903BC400ABDAE0 /* Factory in Frameworks */ = {isa = PBXBuildFile; productRef = 019E08882D903BC400ABDAE0 /* Factory */; };
/* End PBXBuildFile section */

/* Begin PBXContainerItemProxy section */
		01C370C62D8C873F00BF80F5 /* PBXContainerItemProxy */ = {
			isa = PBXContainerItemProxy;
			containerPortal = 01C370AB2D8C873E00BF80F5 /* Project object */;
			proxyType = 1;
			remoteGlobalIDString = 01C370B22D8C873E00BF80F5;
			remoteInfo = StudyAI;
		};
		01C370D02D8C873F00BF80F5 /* PBXContainerItemProxy */ = {
			isa = PBXContainerItemProxy;
			containerPortal = 01C370AB2D8C873E00BF80F5 /* Project object */;
			proxyType = 1;
			remoteGlobalIDString = 01C370B22D8C873E00BF80F5;
			remoteInfo = StudyAI;
		};
/* End PBXContainerItemProxy section */

/* Begin PBXFileReference section */
		01C370B32D8C873E00BF80F5 /* StudyAI.app */ = {isa = PBXFileReference; explicitFileType = wrapper.application; includeInIndex = 0; path = StudyAI.app; sourceTree = BUILT_PRODUCTS_DIR; };
		01C370C52D8C873F00BF80F5 /* StudyAITests.xctest */ = {isa = PBXFileReference; explicitFileType = wrapper.cfbundle; includeInIndex = 0; path = StudyAITests.xctest; sourceTree = BUILT_PRODUCTS_DIR; };
		01C370CF2D8C873F00BF80F5 /* StudyAIUITests.xctest */ = {isa = PBXFileReference; explicitFileType = wrapper.cfbundle; includeInIndex = 0; path = StudyAIUITests.xctest; sourceTree = BUILT_PRODUCTS_DIR; };
/* End PBXFileReference section */

/* Begin PBXFileSystemSynchronizedRootGroup section */
		01C370B52D8C873E00BF80F5 /* StudyAI */ = {
			isa = PBXFileSystemSynchronizedRootGroup;
			path = StudyAI;
			sourceTree = "<group>";
		};
		01C370C82D8C873F00BF80F5 /* StudyAITests */ = {
			isa = PBXFileSystemSynchronizedRootGroup;
			path = StudyAITests;
			sourceTree = "<group>";
		};
		01C370D22D8C873F00BF80F5 /* StudyAIUITests */ = {
			isa = PBXFileSystemSynchronizedRootGroup;
			path = StudyAIUITests;
			sourceTree = "<group>";
		};
/* End PBXFileSystemSynchronizedRootGroup section */

/* Begin PBXFrameworksBuildPhase section */
		01C370B02D8C873E00BF80F5 /* Frameworks */ = {
			isa = PBXFrameworksBuildPhase;
			buildActionMask = 2147483647;
			files = (
				015FE26B2DA3C35F00E86824 /* BezelKit in Frameworks */,
				019E08892D903BC400ABDAE0 /* Factory in Frameworks */,
			);
			runOnlyForDeploymentPostprocessing = 0;
		};
		01C370C22D8C873F00BF80F5 /* Frameworks */ = {
			isa = PBXFrameworksBuildPhase;
			buildActionMask = 2147483647;
			files = (
			);
			runOnlyForDeploymentPostprocessing = 0;
		};
		01C370CC2D8C873F00BF80F5 /* Frameworks */ = {
			isa = PBXFrameworksBuildPhase;
			buildActionMask = 2147483647;
			files = (
			);
			runOnlyForDeploymentPostprocessing = 0;
		};
/* End PBXFrameworksBuildPhase section */

/* Begin PBXGroup section */
		01C370AA2D8C873E00BF80F5 = {
			isa = PBXGroup;
			children = (
				01C370B52D8C873E00BF80F5 /* StudyAI */,
				01C370C82D8C873F00BF80F5 /* StudyAITests */,
				01C370D22D8C873F00BF80F5 /* StudyAIUITests */,
				01C370B42D8C873E00BF80F5 /* Products */,
			);
			sourceTree = "<group>";
		};
		01C370B42D8C873E00BF80F5 /* Products */ = {
			isa = PBXGroup;
			children = (
				01C370B32D8C873E00BF80F5 /* StudyAI.app */,
				01C370C52D8C873F00BF80F5 /* StudyAITests.xctest */,
				01C370CF2D8C873F00BF80F5 /* StudyAIUITests.xctest */,
			);
			name = Products;
			sourceTree = "<group>";
		};
/* End PBXGroup section */

/* Begin PBXNativeTarget section */
		01C370B22D8C873E00BF80F5 /* StudyAI */ = {
			isa = PBXNativeTarget;
			buildConfigurationList = 01C370D92D8C873F00BF80F5 /* Build configuration list for PBXNativeTarget "StudyAI" */;
			buildPhases = (
				01C370AF2D8C873E00BF80F5 /* Sources */,
				01C370B02D8C873E00BF80F5 /* Frameworks */,
				01C370B12D8C873E00BF80F5 /* Resources */,
			);
			buildRules = (
			);
			dependencies = (
			);
			fileSystemSynchronizedGroups = (
				01C370B52D8C873E00BF80F5 /* StudyAI */,
			);
			name = StudyAI;
			packageProductDependencies = (
				019E08882D903BC400ABDAE0 /* Factory */,
				015FE26A2DA3C35F00E86824 /* BezelKit */,
			);
			productName = StudyAI;
			productReference = 01C370B32D8C873E00BF80F5 /* StudyAI.app */;
			productType = "com.apple.product-type.application";
		};
		01C370C42D8C873F00BF80F5 /* StudyAITests */ = {
			isa = PBXNativeTarget;
			buildConfigurationList = 01C370DC2D8C873F00BF80F5 /* Build configuration list for PBXNativeTarget "StudyAITests" */;
			buildPhases = (
				01C370C12D8C873F00BF80F5 /* Sources */,
				01C370C22D8C873F00BF80F5 /* Frameworks */,
				01C370C32D8C873F00BF80F5 /* Resources */,
			);
			buildRules = (
			);
			dependencies = (
				01C370C72D8C873F00BF80F5 /* PBXTargetDependency */,
			);
			fileSystemSynchronizedGroups = (
				01C370C82D8C873F00BF80F5 /* StudyAITests */,
			);
			name = StudyAITests;
			packageProductDependencies = (
			);
			productName = StudyAITests;
			productReference = 01C370C52D8C873F00BF80F5 /* StudyAITests.xctest */;
			productType = "com.apple.product-type.bundle.unit-test";
		};
		01C370CE2D8C873F00BF80F5 /* StudyAIUITests */ = {
			isa = PBXNativeTarget;
			buildConfigurationList = 01C370DF2D8C873F00BF80F5 /* Build configuration list for PBXNativeTarget "StudyAIUITests" */;
			buildPhases = (
				01C370CB2D8C873F00BF80F5 /* Sources */,
				01C370CC2D8C873F00BF80F5 /* Frameworks */,
				01C370CD2D8C873F00BF80F5 /* Resources */,
			);
			buildRules = (
			);
			dependencies = (
				01C370D12D8C873F00BF80F5 /* PBXTargetDependency */,
			);
			fileSystemSynchronizedGroups = (
				01C370D22D8C873F00BF80F5 /* StudyAIUITests */,
			);
			name = StudyAIUITests;
			packageProductDependencies = (
			);
			productName = StudyAIUITests;
			productReference = 01C370CF2D8C873F00BF80F5 /* StudyAIUITests.xctest */;
			productType = "com.apple.product-type.bundle.ui-testing";
		};
/* End PBXNativeTarget section */

/* Begin PBXProject section */
		01C370AB2D8C873E00BF80F5 /* Project object */ = {
			isa = PBXProject;
			attributes = {
				BuildIndependentTargetsInParallel = 1;
				LastSwiftUpdateCheck = 1610;
				LastUpgradeCheck = 1610;
				TargetAttributes = {
					01C370B22D8C873E00BF80F5 = {
						CreatedOnToolsVersion = 16.1;
					};
					01C370C42D8C873F00BF80F5 = {
						CreatedOnToolsVersion = 16.1;
						TestTargetID = 01C370B22D8C873E00BF80F5;
					};
					01C370CE2D8C873F00BF80F5 = {
						CreatedOnToolsVersion = 16.1;
						TestTargetID = 01C370B22D8C873E00BF80F5;
					};
				};
			};
			buildConfigurationList = 01C370AE2D8C873E00BF80F5 /* Build configuration list for PBXProject "StudyAI" */;
			developmentRegion = en;
			hasScannedForEncodings = 0;
			knownRegions = (
				en,
				Base,
				es,
			);
			mainGroup = 01C370AA2D8C873E00BF80F5;
			minimizedProjectReferenceProxies = 1;
			packageReferences = (
				019E08872D903BC400ABDAE0 /* XCRemoteSwiftPackageReference "Factory" */,
				015FE2692DA3C35F00E86824 /* XCRemoteSwiftPackageReference "BezelKit" */,
			);
			preferredProjectObjectVersion = 77;
			productRefGroup = 01C370B42D8C873E00BF80F5 /* Products */;
			projectDirPath = "";
			projectRoot = "";
			targets = (
				01C370B22D8C873E00BF80F5 /* StudyAI */,
				01C370C42D8C873F00BF80F5 /* StudyAITests */,
				01C370CE2D8C873F00BF80F5 /* StudyAIUITests */,
			);
		};
/* End PBXProject section */

/* Begin PBXResourcesBuildPhase section */
		01C370B12D8C873E00BF80F5 /* Resources */ = {
			isa = PBXResourcesBuildPhase;
			buildActionMask = 2147483647;
			files = (
			);
			runOnlyForDeploymentPostprocessing = 0;
		};
		01C370C32D8C873F00BF80F5 /* Resources */ = {
			isa = PBXResourcesBuildPhase;
			buildActionMask = 2147483647;
			files = (
			);
			runOnlyForDeploymentPostprocessing = 0;
		};
		01C370CD2D8C873F00BF80F5 /* Resources */ = {
			isa = PBXResourcesBuildPhase;
			buildActionMask = 2147483647;
			files = (
			);
			runOnlyForDeploymentPostprocessing = 0;
		};
/* End PBXResourcesBuildPhase section */

/* Begin PBXSourcesBuildPhase section */
		01C370AF2D8C873E00BF80F5 /* Sources */ = {
			isa = PBXSourcesBuildPhase;
			buildActionMask = 2147483647;
			files = (
			);
			runOnlyForDeploymentPostprocessing = 0;
		};
		01C370C12D8C873F00BF80F5 /* Sources */ = {
			isa = PBXSourcesBuildPhase;
			buildActionMask = 2147483647;
			files = (
			);
			runOnlyForDeploymentPostprocessing = 0;
		};
		01C370CB2D8C873F00BF80F5 /* Sources */ = {
			isa = PBXSourcesBuildPhase;
			buildActionMask = 2147483647;
			files = (
			);
			runOnlyForDeploymentPostprocessing = 0;
		};
/* End PBXSourcesBuildPhase section */

/* Begin PBXTargetDependency section */
		01C370C72D8C873F00BF80F5 /* PBXTargetDependency */ = {
			isa = PBXTargetDependency;
			target = 01C370B22D8C873E00BF80F5 /* StudyAI */;
			targetProxy = 01C370C62D8C873F00BF80F5 /* PBXContainerItemProxy */;
		};
		01C370D12D8C873F00BF80F5 /* PBXTargetDependency */ = {
			isa = PBXTargetDependency;
			target = 01C370B22D8C873E00BF80F5 /* StudyAI */;
			targetProxy = 01C370D02D8C873F00BF80F5 /* PBXContainerItemProxy */;
		};
/* End PBXTargetDependency section */

/* Begin XCBuildConfiguration section */
		01C370D72D8C873F00BF80F5 /* Debug */ = {
			isa = XCBuildConfiguration;
			buildSettings = {
				ALWAYS_SEARCH_USER_PATHS = NO;
				ASSETCATALOG_COMPILER_GENERATE_SWIFT_ASSET_SYMBOL_EXTENSIONS = YES;
				CLANG_ANALYZER_NONNULL = YES;
				CLANG_ANALYZER_NUMBER_OBJECT_CONVERSION = YES_AGGRESSIVE;
				CLANG_CXX_LANGUAGE_STANDARD = "gnu++20";
				CLANG_ENABLE_MODULES = YES;
				CLANG_ENABLE_OBJC_ARC = YES;
				CLANG_ENABLE_OBJC_WEAK = YES;
				CLANG_WARN_BLOCK_CAPTURE_AUTORELEASING = YES;
				CLANG_WARN_BOOL_CONVERSION = YES;
				CLANG_WARN_COMMA = YES;
				CLANG_WARN_CONSTANT_CONVERSION = YES;
				CLANG_WARN_DEPRECATED_OBJC_IMPLEMENTATIONS = YES;
				CLANG_WARN_DIRECT_OBJC_ISA_USAGE = YES_ERROR;
				CLANG_WARN_DOCUMENTATION_COMMENTS = YES;
				CLANG_WARN_EMPTY_BODY = YES;
				CLANG_WARN_ENUM_CONVERSION = YES;
				CLANG_WARN_INFINITE_RECURSION = YES;
				CLANG_WARN_INT_CONVERSION = YES;
				CLANG_WARN_NON_LITERAL_NULL_CONVERSION = YES;
				CLANG_WARN_OBJC_IMPLICIT_RETAIN_SELF = YES;
				CLANG_WARN_OBJC_LITERAL_CONVERSION = YES;
				CLANG_WARN_OBJC_ROOT_CLASS = YES_ERROR;
				CLANG_WARN_QUOTED_INCLUDE_IN_FRAMEWORK_HEADER = YES;
				CLANG_WARN_RANGE_LOOP_ANALYSIS = YES;
				CLANG_WARN_STRICT_PROTOTYPES = YES;
				CLANG_WARN_SUSPICIOUS_MOVE = YES;
				CLANG_WARN_UNGUARDED_AVAILABILITY = YES_AGGRESSIVE;
				CLANG_WARN_UNREACHABLE_CODE = YES;
				CLANG_WARN__DUPLICATE_METHOD_MATCH = YES;
				COPY_PHASE_STRIP = NO;
				DEBUG_INFORMATION_FORMAT = dwarf;
				ENABLE_STRICT_OBJC_MSGSEND = YES;
				ENABLE_TESTABILITY = YES;
				ENABLE_USER_SCRIPT_SANDBOXING = YES;
				GCC_C_LANGUAGE_STANDARD = gnu17;
				GCC_DYNAMIC_NO_PIC = NO;
				GCC_NO_COMMON_BLOCKS = YES;
				GCC_OPTIMIZATION_LEVEL = 0;
				GCC_PREPROCESSOR_DEFINITIONS = (
					"DEBUG=1",
					"$(inherited)",
				);
				GCC_WARN_64_TO_32_BIT_CONVERSION = YES;
				GCC_WARN_ABOUT_RETURN_TYPE = YES_ERROR;
				GCC_WARN_UNDECLARED_SELECTOR = YES;
				GCC_WARN_UNINITIALIZED_AUTOS = YES_AGGRESSIVE;
				GCC_WARN_UNUSED_FUNCTION = YES;
				GCC_WARN_UNUSED_VARIABLE = YES;
				IPHONEOS_DEPLOYMENT_TARGET = 18.1;
				LOCALIZATION_PREFERS_STRING_CATALOGS = YES;
				MTL_ENABLE_DEBUG_INFO = INCLUDE_SOURCE;
				MTL_FAST_MATH = YES;
				ONLY_ACTIVE_ARCH = YES;
				SDKROOT = iphoneos;
				SWIFT_ACTIVE_COMPILATION_CONDITIONS = "DEBUG $(inherited)";
				SWIFT_EMIT_LOC_STRINGS = YES;
				SWIFT_OPTIMIZATION_LEVEL = "-Onone";
			};
			name = Debug;
		};
		01C370D82D8C873F00BF80F5 /* Release */ = {
			isa = XCBuildConfiguration;
			buildSettings = {
				ALWAYS_SEARCH_USER_PATHS = NO;
				ASSETCATALOG_COMPILER_GENERATE_SWIFT_ASSET_SYMBOL_EXTENSIONS = YES;
				CLANG_ANALYZER_NONNULL = YES;
				CLANG_ANALYZER_NUMBER_OBJECT_CONVERSION = YES_AGGRESSIVE;
				CLANG_CXX_LANGUAGE_STANDARD = "gnu++20";
				CLANG_ENABLE_MODULES = YES;
				CLANG_ENABLE_OBJC_ARC = YES;
				CLANG_ENABLE_OBJC_WEAK = YES;
				CLANG_WARN_BLOCK_CAPTURE_AUTORELEASING = YES;
				CLANG_WARN_BOOL_CONVERSION = YES;
				CLANG_WARN_COMMA = YES;
				CLANG_WARN_CONSTANT_CONVERSION = YES;
				CLANG_WARN_DEPRECATED_OBJC_IMPLEMENTATIONS = YES;
				CLANG_WARN_DIRECT_OBJC_ISA_USAGE = YES_ERROR;
				CLANG_WARN_DOCUMENTATION_COMMENTS = YES;
				CLANG_WARN_EMPTY_BODY = YES;
				CLANG_WARN_ENUM_CONVERSION = YES;
				CLANG_WARN_INFINITE_RECURSION = YES;
				CLANG_WARN_INT_CONVERSION = YES;
				CLANG_WARN_NON_LITERAL_NULL_CONVERSION = YES;
				CLANG_WARN_OBJC_IMPLICIT_RETAIN_SELF = YES;
				CLANG_WARN_OBJC_LITERAL_CONVERSION = YES;
				CLANG_WARN_OBJC_ROOT_CLASS = YES_ERROR;
				CLANG_WARN_QUOTED_INCLUDE_IN_FRAMEWORK_HEADER = YES;
				CLANG_WARN_RANGE_LOOP_ANALYSIS = YES;
				CLANG_WARN_STRICT_PROTOTYPES = YES;
				CLANG_WARN_SUSPICIOUS_MOVE = YES;
				CLANG_WARN_UNGUARDED_AVAILABILITY = YES_AGGRESSIVE;
				CLANG_WARN_UNREACHABLE_CODE = YES;
				CLANG_WARN__DUPLICATE_METHOD_MATCH = YES;
				COPY_PHASE_STRIP = NO;
				DEBUG_INFORMATION_FORMAT = "dwarf-with-dsym";
				ENABLE_NS_ASSERTIONS = NO;
				ENABLE_STRICT_OBJC_MSGSEND = YES;
				ENABLE_USER_SCRIPT_SANDBOXING = YES;
				GCC_C_LANGUAGE_STANDARD = gnu17;
				GCC_NO_COMMON_BLOCKS = YES;
				GCC_WARN_64_TO_32_BIT_CONVERSION = YES;
				GCC_WARN_ABOUT_RETURN_TYPE = YES_ERROR;
				GCC_WARN_UNDECLARED_SELECTOR = YES;
				GCC_WARN_UNINITIALIZED_AUTOS = YES_AGGRESSIVE;
				GCC_WARN_UNUSED_FUNCTION = YES;
				GCC_WARN_UNUSED_VARIABLE = YES;
				IPHONEOS_DEPLOYMENT_TARGET = 18.1;
				LOCALIZATION_PREFERS_STRING_CATALOGS = YES;
				MTL_ENABLE_DEBUG_INFO = NO;
				MTL_FAST_MATH = YES;
				SDKROOT = iphoneos;
				SWIFT_COMPILATION_MODE = wholemodule;
				SWIFT_EMIT_LOC_STRINGS = YES;
				VALIDATE_PRODUCT = YES;
			};
			name = Release;
		};
		01C370DA2D8C873F00BF80F5 /* Debug */ = {
			isa = XCBuildConfiguration;
			buildSettings = {
				ASSETCATALOG_COMPILER_APPICON_NAME = AppIcon;
				ASSETCATALOG_COMPILER_GLOBAL_ACCENT_COLOR_NAME = AccentColor;
				CODE_SIGN_STYLE = Automatic;
				CURRENT_PROJECT_VERSION = 1;
				DEVELOPMENT_ASSET_PATHS = "\"StudyAI/Preview Content\"";
				DEVELOPMENT_TEAM = SYDR9NRCL3;
				ENABLE_PREVIEWS = YES;
				GENERATE_INFOPLIST_FILE = YES;
				INFOPLIST_KEY_UIApplicationSceneManifest_Generation = YES;
				INFOPLIST_KEY_UIApplicationSupportsIndirectInputEvents = YES;
				INFOPLIST_KEY_UILaunchScreen_Generation = YES;
				INFOPLIST_KEY_UISupportedInterfaceOrientations_iPad = "UIInterfaceOrientationPortrait UIInterfaceOrientationPortraitUpsideDown UIInterfaceOrientationLandscapeLeft UIInterfaceOrientationLandscapeRight";
				INFOPLIST_KEY_UISupportedInterfaceOrientations_iPhone = "UIInterfaceOrientationPortrait UIInterfaceOrientationLandscapeLeft UIInterfaceOrientationLandscapeRight";
				LD_RUNPATH_SEARCH_PATHS = (
					"$(inherited)",
					"@executable_path/Frameworks",
				);
				MARKETING_VERSION = 1.0;
				PRODUCT_BUNDLE_IDENTIFIER = com.jcarlosvelasco.StudyAI;
				PRODUCT_NAME = "$(TARGET_NAME)";
				SWIFT_EMIT_LOC_STRINGS = YES;
				SWIFT_VERSION = 5.0;
				TARGETED_DEVICE_FAMILY = "1,2";
			};
			name = Debug;
		};
		01C370DB2D8C873F00BF80F5 /* Release */ = {
			isa = XCBuildConfiguration;
			buildSettings = {
				ASSETCATALOG_COMPILER_APPICON_NAME = AppIcon;
				ASSETCATALOG_COMPILER_GLOBAL_ACCENT_COLOR_NAME = AccentColor;
				CODE_SIGN_STYLE = Automatic;
				CURRENT_PROJECT_VERSION = 1;
				DEVELOPMENT_ASSET_PATHS = "\"StudyAI/Preview Content\"";
				DEVELOPMENT_TEAM = SYDR9NRCL3;
				ENABLE_PREVIEWS = YES;
				GENERATE_INFOPLIST_FILE = YES;
				INFOPLIST_KEY_UIApplicationSceneManifest_Generation = YES;
				INFOPLIST_KEY_UIApplicationSupportsIndirectInputEvents = YES;
				INFOPLIST_KEY_UILaunchScreen_Generation = YES;
				INFOPLIST_KEY_UISupportedInterfaceOrientations_iPad = "UIInterfaceOrientationPortrait UIInterfaceOrientationPortraitUpsideDown UIInterfaceOrientationLandscapeLeft UIInterfaceOrientationLandscapeRight";
				INFOPLIST_KEY_UISupportedInterfaceOrientations_iPhone = "UIInterfaceOrientationPortrait UIInterfaceOrientationLandscapeLeft UIInterfaceOrientationLandscapeRight";
				LD_RUNPATH_SEARCH_PATHS = (
					"$(inherited)",
					"@executable_path/Frameworks",
				);
				MARKETING_VERSION = 1.0;
				PRODUCT_BUNDLE_IDENTIFIER = com.jcarlosvelasco.StudyAI;
				PRODUCT_NAME = "$(TARGET_NAME)";
				SWIFT_EMIT_LOC_STRINGS = YES;
				SWIFT_VERSION = 5.0;
				TARGETED_DEVICE_FAMILY = "1,2";
			};
			name = Release;
		};
		01C370DD2D8C873F00BF80F5 /* Debug */ = {
			isa = XCBuildConfiguration;
			buildSettings = {
				BUNDLE_LOADER = "$(TEST_HOST)";
				CODE_SIGN_STYLE = Automatic;
				CURRENT_PROJECT_VERSION = 1;
				DEVELOPMENT_TEAM = SYDR9NRCL3;
				GENERATE_INFOPLIST_FILE = YES;
				IPHONEOS_DEPLOYMENT_TARGET = 18.1;
				MARKETING_VERSION = 1.0;
				PRODUCT_BUNDLE_IDENTIFIER = com.jcarlosvelasco.StudyAITests;
				PRODUCT_NAME = "$(TARGET_NAME)";
				SWIFT_EMIT_LOC_STRINGS = NO;
				SWIFT_VERSION = 5.0;
				TARGETED_DEVICE_FAMILY = "1,2";
				TEST_HOST = "$(BUILT_PRODUCTS_DIR)/StudyAI.app/$(BUNDLE_EXECUTABLE_FOLDER_PATH)/StudyAI";
			};
			name = Debug;
		};
		01C370DE2D8C873F00BF80F5 /* Release */ = {
			isa = XCBuildConfiguration;
			buildSettings = {
				BUNDLE_LOADER = "$(TEST_HOST)";
				CODE_SIGN_STYLE = Automatic;
				CURRENT_PROJECT_VERSION = 1;
				DEVELOPMENT_TEAM = SYDR9NRCL3;
				GENERATE_INFOPLIST_FILE = YES;
				IPHONEOS_DEPLOYMENT_TARGET = 18.1;
				MARKETING_VERSION = 1.0;
				PRODUCT_BUNDLE_IDENTIFIER = com.jcarlosvelasco.StudyAITests;
				PRODUCT_NAME = "$(TARGET_NAME)";
				SWIFT_EMIT_LOC_STRINGS = NO;
				SWIFT_VERSION = 5.0;
				TARGETED_DEVICE_FAMILY = "1,2";
				TEST_HOST = "$(BUILT_PRODUCTS_DIR)/StudyAI.app/$(BUNDLE_EXECUTABLE_FOLDER_PATH)/StudyAI";
			};
			name = Release;
		};
		01C370E02D8C873F00BF80F5 /* Debug */ = {
			isa = XCBuildConfiguration;
			buildSettings = {
				CODE_SIGN_STYLE = Automatic;
				CURRENT_PROJECT_VERSION = 1;
				DEVELOPMENT_TEAM = SYDR9NRCL3;
				GENERATE_INFOPLIST_FILE = YES;
				MARKETING_VERSION = 1.0;
				PRODUCT_BUNDLE_IDENTIFIER = com.jcarlosvelasco.StudyAIUITests;
				PRODUCT_NAME = "$(TARGET_NAME)";
				SWIFT_EMIT_LOC_STRINGS = NO;
				SWIFT_VERSION = 5.0;
				TARGETED_DEVICE_FAMILY = "1,2";
				TEST_TARGET_NAME = StudyAI;
			};
			name = Debug;
		};
		01C370E12D8C873F00BF80F5 /* Release */ = {
			isa = XCBuildConfiguration;
			buildSettings = {
				CODE_SIGN_STYLE = Automatic;
				CURRENT_PROJECT_VERSION = 1;
				DEVELOPMENT_TEAM = SYDR9NRCL3;
				GENERATE_INFOPLIST_FILE = YES;
				MARKETING_VERSION = 1.0;
				PRODUCT_BUNDLE_IDENTIFIER = com.jcarlosvelasco.StudyAIUITests;
				PRODUCT_NAME = "$(TARGET_NAME)";
				SWIFT_EMIT_LOC_STRINGS = NO;
				SWIFT_VERSION = 5.0;
				TARGETED_DEVICE_FAMILY = "1,2";
				TEST_TARGET_NAME = StudyAI;
			};
			name = Release;
		};
/* End XCBuildConfiguration section */

/* Begin XCConfigurationList section */
		01C370AE2D8C873E00BF80F5 /* Build configuration list for PBXProject "StudyAI" */ = {
			isa = XCConfigurationList;
			buildConfigurations = (
				01C370D72D8C873F00BF80F5 /* Debug */,
				01C370D82D8C873F00BF80F5 /* Release */,
			);
			defaultConfigurationIsVisible = 0;
			defaultConfigurationName = Release;
		};
		01C370D92D8C873F00BF80F5 /* Build configuration list for PBXNativeTarget "StudyAI" */ = {
			isa = XCConfigurationList;
			buildConfigurations = (
				01C370DA2D8C873F00BF80F5 /* Debug */,
				01C370DB2D8C873F00BF80F5 /* Release */,
			);
			defaultConfigurationIsVisible = 0;
			defaultConfigurationName = Release;
		};
		01C370DC2D8C873F00BF80F5 /* Build configuration list for PBXNativeTarget "StudyAITests" */ = {
			isa = XCConfigurationList;
			buildConfigurations = (
				01C370DD2D8C873F00BF80F5 /* Debug */,
				01C370DE2D8C873F00BF80F5 /* Release */,
			);
			defaultConfigurationIsVisible = 0;
			defaultConfigurationName = Release;
		};
		01C370DF2D8C873F00BF80F5 /* Build configuration list for PBXNativeTarget "StudyAIUITests" */ = {
			isa = XCConfigurationList;
			buildConfigurations = (
				01C370E02D8C873F00BF80F5 /* Debug */,
				01C370E12D8C873F00BF80F5 /* Release */,
			);
			defaultConfigurationIsVisible = 0;
			defaultConfigurationName = Release;
		};
/* End XCConfigurationList section */

/* Begin XCRemoteSwiftPackageReference section */
		015FE2692DA3C35F00E86824 /* XCRemoteSwiftPackageReference "BezelKit" */ = {
			isa = XCRemoteSwiftPackageReference;
			repositoryURL = "https://github.com/markbattistella/BezelKit";
			requirement = {
				kind = upToNextMajorVersion;
				minimumVersion = 3.4.0;
			};
		};
		019E08872D903BC400ABDAE0 /* XCRemoteSwiftPackageReference "Factory" */ = {
			isa = XCRemoteSwiftPackageReference;
			repositoryURL = "https://github.com/hmlongco/Factory";
			requirement = {
				kind = upToNextMajorVersion;
				minimumVersion = 2.4.3;
			};
		};
/* End XCRemoteSwiftPackageReference section */

/* Begin XCSwiftPackageProductDependency section */
		015FE26A2DA3C35F00E86824 /* BezelKit */ = {
			isa = XCSwiftPackageProductDependency;
			package = 015FE2692DA3C35F00E86824 /* XCRemoteSwiftPackageReference "BezelKit" */;
			productName = BezelKit;
		};
		019E08882D903BC400ABDAE0 /* Factory */ = {
			isa = XCSwiftPackageProductDependency;
			package = 019E08872D903BC400ABDAE0 /* XCRemoteSwiftPackageReference "Factory" */;
			productName = Factory;
		};
/* End XCSwiftPackageProductDependency section */
	};
	rootObject = 01C370AB2D8C873E00BF80F5 /* Project object */;
}
