{
  "originHash" : "bfedc63dad91cc991b8beb72c1a62e74ba49393d5943e477da1fcf062a94f94d",
  "pins" : [
    {
      "identity" : "bezelkit",
      "kind" : "remoteSourceControl",
      "location" : "https://github.com/markbattistella/BezelKit",
      "state" : {
        "revision" : "fc2bdcb9a4a02cfc09b17ce6db028b4b0cdcd75f",
        "version" : "3.4.0"
      }
    },
    {
      "identity" : "factory",
      "kind" : "remoteSourceControl",
      "location" : "https://github.com/hmlongco/Factory",
      "state" : {
        "revision" : "c8110886836ab4dd1136dbac0c04f0f36cd68540",
        "version" : "2.4.5"
      }
    }
  ],
  "version" : 3
}
